# THIS IS AN AUTOGENERATED FILE. DO NOT EDIT THIS FILE DIRECTLY.
# yarn lockfile v1


create-next-app@^10.0.9:
  version "10.0.9"
  resolved "https://registry.yarnpkg.com/create-next-app/-/create-next-app-10.0.9.tgz#4c0d3c4f3d4267b68a3843c16362dd9c2a7efa41"
  integrity sha512-RCKqVpwejuchydYGU2DHLxAPCQalBs4ZUg0cHtmk7K2TaO9INNMhKDW8dCn9ZTdk+VpvD/tGI0iHkTB468D9Jw==
